
Microsoft Visual Studio Solution File, Format Version 12.00
# Visual Studio Version 17
VisualStudioVersion = 17.7.34221.43
MinimumVisualStudioVersion = 10.0.40219.1
Project("{9A19103F-16F7-4668-BE54-9A1E7A4F7556}") = "TicketRaising", "TicketRaising\TicketRaising.csproj", "{B9CDD0A7-AB96-4501-A6E8-3C6051CF229E}"
EndProject
Project("{FAE04EC0-301F-11D3-BF4B-00C04F79EFBC}") = "TicketRaising_Web", "TicketRaising_Web\TicketRaising_Web.csproj", "{33A6BF12-C2D3-4788-A6B6-0B43D5675457}"
EndProject
Global
	GlobalSection(SolutionConfigurationPlatforms) = preSolution
		Debug|Any CPU = Debug|Any CPU
		Release|Any CPU = Release|Any CPU
	EndGlobalSection
	GlobalSection(ProjectConfigurationPlatforms) = postSolution
		{B9CDD0A7-AB96-4501-A6E8-3C6051CF229E}.Debug|Any CPU.ActiveCfg = Debug|Any CPU
		{B9CDD0A7-AB96-4501-A6E8-3C6051CF229E}.Debug|Any CPU.Build.0 = Debug|Any CPU
		{B9CDD0A7-AB96-4501-A6E8-3C6051CF229E}.Release|Any CPU.ActiveCfg = Release|Any CPU
		{B9CDD0A7-AB96-4501-A6E8-3C6051CF229E}.Release|Any CPU.Build.0 = Release|Any CPU
		{33A6BF12-C2D3-4788-A6B6-0B43D5675457}.Debug|Any CPU.ActiveCfg = Debug|Any CPU
		{33A6BF12-C2D3-4788-A6B6-0B43D5675457}.Debug|Any CPU.Build.0 = Debug|Any CPU
		{33A6BF12-C2D3-4788-A6B6-0B43D5675457}.Release|Any CPU.ActiveCfg = Release|Any CPU
		{33A6BF12-C2D3-4788-A6B6-0B43D5675457}.Release|Any CPU.Build.0 = Release|Any CPU
	EndGlobalSection
	GlobalSection(SolutionProperties) = preSolution
		HideSolutionNode = FALSE
	EndGlobalSection
	GlobalSection(ExtensibilityGlobals) = postSolution
		SolutionGuid = {D3476098-84B6-4E88-8A1C-7D49ED0E99EF}
	EndGlobalSection
EndGlobal
